
Microsoft Visual Studio Solution File, Format Version 12.00
# Visual Studio Version 16
VisualStudioVersion = 16.0.29020.237
MinimumVisualStudioVersion = 10.0.40219.1
Project("{FAE04EC0-301F-11D3-BF4B-00C04F79EFBC}") = "InfiniteSourceSink", "InfiniteSourceSink\InfiniteSourceSink.csproj", "{05B76B2B-4DE1-4E67-827B-662BFCA89D8A}"
EndProject
Project("{FAE04EC0-301F-11D3-BF4B-00C04F79EFBC}") = "MagmaFern", "MagmaFern\MagmaFern.csproj", "{12CF4CF5-D022-47AD-8ADA-5F2A33FF3256}"
EndProject
Project("{FAE04EC0-301F-11D3-BF4B-00C04F79EFBC}") = "TeleStorage", "TeleStorage\TeleStorage.csproj", "{FECB6C17-8E28-4526-BF4C-995F304A5B71}"
EndProject
Global
	GlobalSection(SolutionConfigurationPlatforms) = preSolution
		Debug|Any CPU = Debug|Any CPU
		Release|Any CPU = Release|Any CPU
	EndGlobalSection
	GlobalSection(ProjectConfigurationPlatforms) = postSolution
		{05B76B2B-4DE1-4E67-827B-662BFCA89D8A}.Debug|Any CPU.ActiveCfg = Debug|Any CPU
		{05B76B2B-4DE1-4E67-827B-662BFCA89D8A}.Debug|Any CPU.Build.0 = Debug|Any CPU
		{05B76B2B-4DE1-4E67-827B-662BFCA89D8A}.Release|Any CPU.ActiveCfg = Release|Any CPU
		{05B76B2B-4DE1-4E67-827B-662BFCA89D8A}.Release|Any CPU.Build.0 = Release|Any CPU
		{12CF4CF5-D022-47AD-8ADA-5F2A33FF3256}.Debug|Any CPU.ActiveCfg = Debug|Any CPU
		{12CF4CF5-D022-47AD-8ADA-5F2A33FF3256}.Debug|Any CPU.Build.0 = Debug|Any CPU
		{12CF4CF5-D022-47AD-8ADA-5F2A33FF3256}.Release|Any CPU.ActiveCfg = Release|Any CPU
		{12CF4CF5-D022-47AD-8ADA-5F2A33FF3256}.Release|Any CPU.Build.0 = Release|Any CPU
		{FECB6C17-8E28-4526-BF4C-995F304A5B71}.Debug|Any CPU.ActiveCfg = Debug|Any CPU
		{FECB6C17-8E28-4526-BF4C-995F304A5B71}.Debug|Any CPU.Build.0 = Debug|Any CPU
		{FECB6C17-8E28-4526-BF4C-995F304A5B71}.Release|Any CPU.ActiveCfg = Release|Any CPU
		{FECB6C17-8E28-4526-BF4C-995F304A5B71}.Release|Any CPU.Build.0 = Release|Any CPU
	EndGlobalSection
	GlobalSection(SolutionProperties) = preSolution
		HideSolutionNode = FALSE
	EndGlobalSection
	GlobalSection(ExtensibilityGlobals) = postSolution
		SolutionGuid = {A891E594-F383-4A36-B723-E43117F7F1B4}
	EndGlobalSection
EndGlobal
