
Microsoft Visual Studio Solution File, Format Version 12.00
# Visual Studio Version 16
VisualStudioVersion = 16.0.29020.237
MinimumVisualStudioVersion = 10.0.40219.1
Project("{FAE04EC0-301F-11D3-BF4B-00C04F79EFBC}") = "InfiniteSourceSink", "InfiniteSourceSink\InfiniteSourceSink.csproj", "{05B76B2B-4DE1-4E67-827B-662BFCA89D8A}"
EndProject
Project("{FAE04EC0-301F-11D3-BF4B-00C04F79EFBC}") = "MagmaFern", "MagmaFern\MagmaFern.csproj", "{12CF4CF5-D022-47AD-8ADA-5F2A33FF3256}"
EndProject
Project("{FAE04EC0-301F-11D3-BF4B-00C04F79EFBC}") = "TeleStorage", "TeleStorage\TeleStorage.csproj", "{FECB6C17-8E28-4526-BF4C-995F304A5B71}"
EndProject
Project("{FAE04EC0-301F-11D3-BF4B-00C04F79EFBC}") = "InsulatedJacket", "InsulatedJacket\InsulatedJacket.csproj", "{8B4DAFF3-5FCC-4637-B79A-0AC427DDC5FB}"
EndProject
Project("{FAE04EC0-301F-11D3-BF4B-00C04F79EFBC}") = "ProfessionalAttire", "ProfessionalAttire\ProfessionalAttire.csproj", "{3943ACBB-9689-4AFA-ADFD-8CE7A6C19026}"
EndProject
Project("{FAE04EC0-301F-11D3-BF4B-00C04F79EFBC}") = "EthanolGeyser", "EthanolGeyser\EthanolGeyser.csproj", "{EE8F9D20-0B09-46F0-BC6E-1715270919E7}"
EndProject
Project("{FAE04EC0-301F-11D3-BF4B-00C04F79EFBC}") = "CrystalBiome", "CrystalBiome\CrystalBiome.csproj", "{C7D02B48-FEDB-4E55-9141-D8FFEF10D451}"
EndProject
Project("{FAE04EC0-301F-11D3-BF4B-00C04F79EFBC}") = "SizeNotIncluded", "SizeNotIncluded\SizeNotIncluded.csproj", "{20B70524-5329-4C8D-BF66-52A59B8A5D25}"
EndProject
Project("{FAE04EC0-301F-11D3-BF4B-00C04F79EFBC}") = "Loggers", "Loggers\Loggers.csproj", "{7F3286D9-EC16-42B2-8AD7-96EE05D3DD84}"
EndProject
Project("{FAE04EC0-301F-11D3-BF4B-00C04F79EFBC}") = "AnimationTest", "AnimationTest\AnimationTest.csproj", "{19557A2B-BC0F-47E3-9D9A-DB279D639B6D}"
EndProject
Project("{FAE04EC0-301F-11D3-BF4B-00C04F79EFBC}") = "Mineralizer", "Mineralizer\Mineralizer.csproj", "{FE8A833E-7316-47CE-A4E5-845CCC8CB304}"
EndProject
Project("{FAE04EC0-301F-11D3-BF4B-00C04F79EFBC}") = "CactusFruit", "CactusFruit\CactusFruit.csproj", "{E49F71F8-57BD-4703-B466-96DC75515C2A}"
EndProject
Project("{FAE04EC0-301F-11D3-BF4B-00C04F79EFBC}") = "RollerSnake", "RollerSnake\RollerSnake.csproj", "{86FFAE5B-9854-4B1C-8773-838AF81A6795}"
EndProject
Global
	GlobalSection(SolutionConfigurationPlatforms) = preSolution
		Debug|Any CPU = Debug|Any CPU
		Release|Any CPU = Release|Any CPU
	EndGlobalSection
	GlobalSection(ProjectConfigurationPlatforms) = postSolution
		{05B76B2B-4DE1-4E67-827B-662BFCA89D8A}.Debug|Any CPU.ActiveCfg = Debug|Any CPU
		{05B76B2B-4DE1-4E67-827B-662BFCA89D8A}.Debug|Any CPU.Build.0 = Debug|Any CPU
		{05B76B2B-4DE1-4E67-827B-662BFCA89D8A}.Release|Any CPU.ActiveCfg = Release|Any CPU
		{05B76B2B-4DE1-4E67-827B-662BFCA89D8A}.Release|Any CPU.Build.0 = Release|Any CPU
		{12CF4CF5-D022-47AD-8ADA-5F2A33FF3256}.Debug|Any CPU.ActiveCfg = Debug|Any CPU
		{12CF4CF5-D022-47AD-8ADA-5F2A33FF3256}.Debug|Any CPU.Build.0 = Debug|Any CPU
		{12CF4CF5-D022-47AD-8ADA-5F2A33FF3256}.Release|Any CPU.ActiveCfg = Release|Any CPU
		{12CF4CF5-D022-47AD-8ADA-5F2A33FF3256}.Release|Any CPU.Build.0 = Release|Any CPU
		{FECB6C17-8E28-4526-BF4C-995F304A5B71}.Debug|Any CPU.ActiveCfg = Debug|Any CPU
		{FECB6C17-8E28-4526-BF4C-995F304A5B71}.Debug|Any CPU.Build.0 = Debug|Any CPU
		{FECB6C17-8E28-4526-BF4C-995F304A5B71}.Release|Any CPU.ActiveCfg = Release|Any CPU
		{FECB6C17-8E28-4526-BF4C-995F304A5B71}.Release|Any CPU.Build.0 = Release|Any CPU
		{8B4DAFF3-5FCC-4637-B79A-0AC427DDC5FB}.Debug|Any CPU.ActiveCfg = Debug|Any CPU
		{8B4DAFF3-5FCC-4637-B79A-0AC427DDC5FB}.Debug|Any CPU.Build.0 = Debug|Any CPU
		{8B4DAFF3-5FCC-4637-B79A-0AC427DDC5FB}.Release|Any CPU.ActiveCfg = Release|Any CPU
		{8B4DAFF3-5FCC-4637-B79A-0AC427DDC5FB}.Release|Any CPU.Build.0 = Release|Any CPU
		{3943ACBB-9689-4AFA-ADFD-8CE7A6C19026}.Debug|Any CPU.ActiveCfg = Debug|Any CPU
		{3943ACBB-9689-4AFA-ADFD-8CE7A6C19026}.Debug|Any CPU.Build.0 = Debug|Any CPU
		{3943ACBB-9689-4AFA-ADFD-8CE7A6C19026}.Release|Any CPU.ActiveCfg = Release|Any CPU
		{3943ACBB-9689-4AFA-ADFD-8CE7A6C19026}.Release|Any CPU.Build.0 = Release|Any CPU
		{EE8F9D20-0B09-46F0-BC6E-1715270919E7}.Debug|Any CPU.ActiveCfg = Debug|Any CPU
		{EE8F9D20-0B09-46F0-BC6E-1715270919E7}.Debug|Any CPU.Build.0 = Debug|Any CPU
		{EE8F9D20-0B09-46F0-BC6E-1715270919E7}.Release|Any CPU.ActiveCfg = Release|Any CPU
		{EE8F9D20-0B09-46F0-BC6E-1715270919E7}.Release|Any CPU.Build.0 = Release|Any CPU
		{C7D02B48-FEDB-4E55-9141-D8FFEF10D451}.Debug|Any CPU.ActiveCfg = Debug|Any CPU
		{C7D02B48-FEDB-4E55-9141-D8FFEF10D451}.Debug|Any CPU.Build.0 = Debug|Any CPU
		{C7D02B48-FEDB-4E55-9141-D8FFEF10D451}.Release|Any CPU.ActiveCfg = Release|Any CPU
		{C7D02B48-FEDB-4E55-9141-D8FFEF10D451}.Release|Any CPU.Build.0 = Release|Any CPU
		{20B70524-5329-4C8D-BF66-52A59B8A5D25}.Debug|Any CPU.ActiveCfg = Debug|Any CPU
		{20B70524-5329-4C8D-BF66-52A59B8A5D25}.Debug|Any CPU.Build.0 = Debug|Any CPU
		{20B70524-5329-4C8D-BF66-52A59B8A5D25}.Release|Any CPU.ActiveCfg = Release|Any CPU
		{20B70524-5329-4C8D-BF66-52A59B8A5D25}.Release|Any CPU.Build.0 = Release|Any CPU
		{7F3286D9-EC16-42B2-8AD7-96EE05D3DD84}.Debug|Any CPU.ActiveCfg = Debug|Any CPU
		{7F3286D9-EC16-42B2-8AD7-96EE05D3DD84}.Debug|Any CPU.Build.0 = Debug|Any CPU
		{7F3286D9-EC16-42B2-8AD7-96EE05D3DD84}.Release|Any CPU.ActiveCfg = Release|Any CPU
		{7F3286D9-EC16-42B2-8AD7-96EE05D3DD84}.Release|Any CPU.Build.0 = Release|Any CPU
		{19557A2B-BC0F-47E3-9D9A-DB279D639B6D}.Debug|Any CPU.ActiveCfg = Debug|Any CPU
		{19557A2B-BC0F-47E3-9D9A-DB279D639B6D}.Debug|Any CPU.Build.0 = Debug|Any CPU
		{19557A2B-BC0F-47E3-9D9A-DB279D639B6D}.Release|Any CPU.ActiveCfg = Release|Any CPU
		{19557A2B-BC0F-47E3-9D9A-DB279D639B6D}.Release|Any CPU.Build.0 = Release|Any CPU
		{FE8A833E-7316-47CE-A4E5-845CCC8CB304}.Debug|Any CPU.ActiveCfg = Debug|Any CPU
		{FE8A833E-7316-47CE-A4E5-845CCC8CB304}.Debug|Any CPU.Build.0 = Debug|Any CPU
		{FE8A833E-7316-47CE-A4E5-845CCC8CB304}.Release|Any CPU.ActiveCfg = Release|Any CPU
		{FE8A833E-7316-47CE-A4E5-845CCC8CB304}.Release|Any CPU.Build.0 = Release|Any CPU
		{E49F71F8-57BD-4703-B466-96DC75515C2A}.Debug|Any CPU.ActiveCfg = Debug|Any CPU
		{E49F71F8-57BD-4703-B466-96DC75515C2A}.Debug|Any CPU.Build.0 = Debug|Any CPU
		{E49F71F8-57BD-4703-B466-96DC75515C2A}.Release|Any CPU.ActiveCfg = Release|Any CPU
		{E49F71F8-57BD-4703-B466-96DC75515C2A}.Release|Any CPU.Build.0 = Release|Any CPU
		{86FFAE5B-9854-4B1C-8773-838AF81A6795}.Debug|Any CPU.ActiveCfg = Debug|Any CPU
		{86FFAE5B-9854-4B1C-8773-838AF81A6795}.Debug|Any CPU.Build.0 = Debug|Any CPU
		{86FFAE5B-9854-4B1C-8773-838AF81A6795}.Release|Any CPU.ActiveCfg = Release|Any CPU
		{86FFAE5B-9854-4B1C-8773-838AF81A6795}.Release|Any CPU.Build.0 = Release|Any CPU
	EndGlobalSection
	GlobalSection(SolutionProperties) = preSolution
		HideSolutionNode = FALSE
	EndGlobalSection
	GlobalSection(ExtensibilityGlobals) = postSolution
		SolutionGuid = {A891E594-F383-4A36-B723-E43117F7F1B4}
	EndGlobalSection
EndGlobal
